
Microsoft Visual Studio Solution File, Format Version 12.00
Project("{FAE04EC0-301F-11D3-BF4B-00C04F79EFBC}") = "TwitchOverlapApi", "TwitchOverlapApi\TwitchOverlapApi.csproj", "{6F1FE491-26C5-42EA-9997-570A7ED4207D}"
EndProject
Global
	GlobalSection(SolutionConfigurationPlatforms) = preSolution
		Debug|Any CPU = Debug|Any CPU
		Release|Any CPU = Release|Any CPU
	EndGlobalSection
	GlobalSection(ProjectConfigurationPlatforms) = postSolution
		{6F1FE491-26C5-42EA-9997-570A7ED4207D}.Debug|Any CPU.ActiveCfg = Debug|Any CPU
		{6F1FE491-26C5-42EA-9997-570A7ED4207D}.Debug|Any CPU.Build.0 = Debug|Any CPU
		{6F1FE491-26C5-42EA-9997-570A7ED4207D}.Release|Any CPU.ActiveCfg = Release|Any CPU
		{6F1FE491-26C5-42EA-9997-570A7ED4207D}.Release|Any CPU.Build.0 = Release|Any CPU
	EndGlobalSection
EndGlobal
